
Microsoft Visual Studio Solution File, Format Version 12.00
# Visual Studio Version 16
VisualStudioVersion = 16.0.30907.101
MinimumVisualStudioVersion = 10.0.40219.1
Project("{FAE04EC0-301F-11D3-BF4B-00C04F79EFBC}") = "PortScan", "PortScan\PortScan.csproj", "{326188FC-488F-4567-9045-F38ACA3CB88F}"
EndProject
Global
	GlobalSection(SolutionConfigurationPlatforms) = preSolution
		Debug|Any CPU = Debug|Any CPU
		Release|Any CPU = Release|Any CPU
	EndGlobalSection
	GlobalSection(ProjectConfigurationPlatforms) = postSolution
		{326188FC-488F-4567-9045-F38ACA3CB88F}.Debug|Any CPU.ActiveCfg = Debug|Any CPU
		{326188FC-488F-4567-9045-F38ACA3CB88F}.Debug|Any CPU.Build.0 = Debug|Any CPU
		{326188FC-488F-4567-9045-F38ACA3CB88F}.Release|Any CPU.ActiveCfg = Release|Any CPU
		{326188FC-488F-4567-9045-F38ACA3CB88F}.Release|Any CPU.Build.0 = Release|Any CPU
	EndGlobalSection
	GlobalSection(SolutionProperties) = preSolution
		HideSolutionNode = FALSE
	EndGlobalSection
	GlobalSection(ExtensibilityGlobals) = postSolution
		SolutionGuid = {35B1D283-7506-47E6-8901-D318B79B6538}
	EndGlobalSection
EndGlobal
